// !$*UTF8*$!
{
	archiveVersion = 1;
	classes = {
	};
	objectVersion = 46;
	objects = {

/* Begin PBXBuildFile section */
		8473FA531ED66A2100EC2D14 /* main.m in Sources */ = {isa = PBXBuildFile; fileRef = 8473FA521ED66A2100EC2D14 /* main.m */; };
		8473FA561ED66A2100EC2D14 /* AppDelegate.m in Sources */ = {isa = PBXBuildFile; fileRef = 8473FA551ED66A2100EC2D14 /* AppDelegate.m */; };
		8473FA591ED66A2100EC2D14 /* ViewController.m in Sources */ = {isa = PBXBuildFile; fileRef = 8473FA581ED66A2100EC2D14 /* ViewController.m */; };
		8473FA5C1ED66A2100EC2D14 /* Main.storyboard in Resources */ = {isa = PBXBuildFile; fileRef = 8473FA5A1ED66A2100EC2D14 /* Main.storyboard */; };
		8473FA5E1ED66A2100EC2D14 /* Assets.xcassets in Resources */ = {isa = PBXBuildFile; fileRef = 8473FA5D1ED66A2100EC2D14 /* Assets.xcassets */; };
		8473FA611ED66A2100EC2D14 /* LaunchScreen.storyboard in Resources */ = {isa = PBXBuildFile; fileRef = 8473FA5F1ED66A2100EC2D14 /* LaunchScreen.storyboard */; };
		8473FA6A1ED66AD400EC2D14 /* SAPlaceholderLabelTextView.m in Sources */ = {isa = PBXBuildFile; fileRef = 8473FA691ED66AD400EC2D14 /* SAPlaceholderLabelTextView.m */; };
		8473FA6D1ED66B6400EC2D14 /* NumberButton.m in Sources */ = {isa = PBXBuildFile; fileRef = 8473FA6C1ED66B6400EC2D14 /* NumberButton.m */; };
		8473FA701ED66D6700EC2D14 /* SACollectionViewGridLayout.m in Sources */ = {isa = PBXBuildFile; fileRef = 8473FA6F1ED66D6700EC2D14 /* SACollectionViewGridLayout.m */; };
		84C07EBD202D4C7B00C92450 /* UITextField+NumberFormat.m in Sources */ = {isa = PBXBuildFile; fileRef = 84C07EBC202D4C7A00C92450 /* UITextField+NumberFormat.m */; };
		84C07EC0202D4CE100C92450 /* LLTextFieldViewController.m in Sources */ = {isa = PBXBuildFile; fileRef = 84C07EBE202D4CE000C92450 /* LLTextFieldViewController.m */; };
/* End PBXBuildFile section */

/* Begin PBXFileReference section */
		8473FA4E1ED66A2100EC2D14 /* SAPrivateView.app */ = {isa = PBXFileReference; explicitFileType = wrapper.application; includeInIndex = 0; path = SAPrivateView.app; sourceTree = BUILT_PRODUCTS_DIR; };
		8473FA521ED66A2100EC2D14 /* main.m */ = {isa = PBXFileReference; lastKnownFileType = sourcecode.c.objc; path = main.m; sourceTree = "<group>"; };
		8473FA541ED66A2100EC2D14 /* AppDelegate.h */ = {isa = PBXFileReference; lastKnownFileType = sourcecode.c.h; path = AppDelegate.h; sourceTree = "<group>"; };
		8473FA551ED66A2100EC2D14 /* AppDelegate.m */ = {isa = PBXFileReference; lastKnownFileType = sourcecode.c.objc; path = AppDelegate.m; sourceTree = "<group>"; };
		8473FA571ED66A2100EC2D14 /* ViewController.h */ = {isa = PBXFileReference; lastKnownFileType = sourcecode.c.h; path = ViewController.h; sourceTree = "<group>"; };
		8473FA581ED66A2100EC2D14 /* ViewController.m */ = {isa = PBXFileReference; lastKnownFileType = sourcecode.c.objc; path = ViewController.m; sourceTree = "<group>"; };
		8473FA5B1ED66A2100EC2D14 /* Base */ = {isa = PBXFileReference; lastKnownFileType = file.storyboard; name = Base; path = Base.lproj/Main.storyboard; sourceTree = "<group>"; };
		8473FA5D1ED66A2100EC2D14 /* Assets.xcassets */ = {isa = PBXFileReference; lastKnownFileType = folder.assetcatalog; path = Assets.xcassets; sourceTree = "<group>"; };
		8473FA601ED66A2100EC2D14 /* Base */ = {isa = PBXFileReference; lastKnownFileType = file.storyboard; name = Base; path = Base.lproj/LaunchScreen.storyboard; sourceTree = "<group>"; };
		8473FA621ED66A2100EC2D14 /* Info.plist */ = {isa = PBXFileReference; lastKnownFileType = text.plist.xml; path = Info.plist; sourceTree = "<group>"; };
		8473FA681ED66AD400EC2D14 /* SAPlaceholderLabelTextView.h */ = {isa = PBXFileReference; fileEncoding = 4; lastKnownFileType = sourcecode.c.h; path = SAPlaceholderLabelTextView.h; sourceTree = "<group>"; };
		8473FA691ED66AD400EC2D14 /* SAPlaceholderLabelTextView.m */ = {isa = PBXFileReference; fileEncoding = 4; lastKnownFileType = sourcecode.c.objc; path = SAPlaceholderLabelTextView.m; sourceTree = "<group>"; };
		8473FA6B1ED66B6400EC2D14 /* NumberButton.h */ = {isa = PBXFileReference; fileEncoding = 4; lastKnownFileType = sourcecode.c.h; path = NumberButton.h; sourceTree = "<group>"; };
		8473FA6C1ED66B6400EC2D14 /* NumberButton.m */ = {isa = PBXFileReference; fileEncoding = 4; lastKnownFileType = sourcecode.c.objc; path = NumberButton.m; sourceTree = "<group>"; };
		8473FA6E1ED66D6700EC2D14 /* SACollectionViewGridLayout.h */ = {isa = PBXFileReference; fileEncoding = 4; lastKnownFileType = sourcecode.c.h; path = SACollectionViewGridLayout.h; sourceTree = "<group>"; };
		8473FA6F1ED66D6700EC2D14 /* SACollectionViewGridLayout.m */ = {isa = PBXFileReference; fileEncoding = 4; lastKnownFileType = sourcecode.c.objc; path = SACollectionViewGridLayout.m; sourceTree = "<group>"; };
		84C07EBA202D4C7A00C92450 /* UITextField+NumberFormat.h */ = {isa = PBXFileReference; lastKnownFileType = sourcecode.c.h; path = "UITextField+NumberFormat.h"; sourceTree = "<group>"; };
		84C07EBB202D4C7A00C92450 /* README.md */ = {isa = PBXFileReference; lastKnownFileType = net.daringfireball.markdown; path = README.md; sourceTree = "<group>"; };
		84C07EBC202D4C7A00C92450 /* UITextField+NumberFormat.m */ = {isa = PBXFileReference; lastKnownFileType = sourcecode.c.objc; path = "UITextField+NumberFormat.m"; sourceTree = "<group>"; };
		84C07EBE202D4CE000C92450 /* LLTextFieldViewController.m */ = {isa = PBXFileReference; lastKnownFileType = sourcecode.c.objc; path = LLTextFieldViewController.m; sourceTree = "<group>"; };
		84C07EBF202D4CE000C92450 /* LLTextFieldViewController.h */ = {isa = PBXFileReference; lastKnownFileType = sourcecode.c.h; path = LLTextFieldViewController.h; sourceTree = "<group>"; };
/* End PBXFileReference section */

/* Begin PBXFrameworksBuildPhase section */
		8473FA4B1ED66A2100EC2D14 /* Frameworks */ = {
			isa = PBXFrameworksBuildPhase;
			buildActionMask = 2147483647;
			files = (
			);
			runOnlyForDeploymentPostprocessing = 0;
		};
/* End PBXFrameworksBuildPhase section */

/* Begin PBXGroup section */
		8473FA451ED66A2100EC2D14 = {
			isa = PBXGroup;
			children = (
				8473FA501ED66A2100EC2D14 /* SAPrivateView */,
				8473FA4F1ED66A2100EC2D14 /* Products */,
			);
			sourceTree = "<group>";
		};
		8473FA4F1ED66A2100EC2D14 /* Products */ = {
			isa = PBXGroup;
			children = (
				8473FA4E1ED66A2100EC2D14 /* SAPrivateView.app */,
			);
			name = Products;
			sourceTree = "<group>";
		};
		8473FA501ED66A2100EC2D14 /* SAPrivateView */ = {
			isa = PBXGroup;
			children = (
				8473FA541ED66A2100EC2D14 /* AppDelegate.h */,
				8473FA551ED66A2100EC2D14 /* AppDelegate.m */,
				8473FA571ED66A2100EC2D14 /* ViewController.h */,
				8473FA581ED66A2100EC2D14 /* ViewController.m */,
				8473FA6B1ED66B6400EC2D14 /* NumberButton.h */,
				8473FA6C1ED66B6400EC2D14 /* NumberButton.m */,
				8473FA681ED66AD400EC2D14 /* SAPlaceholderLabelTextView.h */,
				8473FA691ED66AD400EC2D14 /* SAPlaceholderLabelTextView.m */,
				8473FA6E1ED66D6700EC2D14 /* SACollectionViewGridLayout.h */,
				8473FA6F1ED66D6700EC2D14 /* SACollectionViewGridLayout.m */,
				84C07EBB202D4C7A00C92450 /* README.md */,
				84C07EBA202D4C7A00C92450 /* UITextField+NumberFormat.h */,
				84C07EBC202D4C7A00C92450 /* UITextField+NumberFormat.m */,
				84C07EBF202D4CE000C92450 /* LLTextFieldViewController.h */,
				84C07EBE202D4CE000C92450 /* LLTextFieldViewController.m */,
				8473FA5A1ED66A2100EC2D14 /* Main.storyboard */,
				8473FA5D1ED66A2100EC2D14 /* Assets.xcassets */,
				8473FA5F1ED66A2100EC2D14 /* LaunchScreen.storyboard */,
				8473FA621ED66A2100EC2D14 /* Info.plist */,
				8473FA511ED66A2100EC2D14 /* Supporting Files */,
			);
			path = SAPrivateView;
			sourceTree = "<group>";
		};
		8473FA511ED66A2100EC2D14 /* Supporting Files */ = {
			isa = PBXGroup;
			children = (
				8473FA521ED66A2100EC2D14 /* main.m */,
			);
			name = "Supporting Files";
			sourceTree = "<group>";
		};
/* End PBXGroup section */

/* Begin PBXNativeTarget section */
		8473FA4D1ED66A2100EC2D14 /* SAPrivateView */ = {
			isa = PBXNativeTarget;
			buildConfigurationList = 8473FA651ED66A2100EC2D14 /* Build configuration list for PBXNativeTarget "SAPrivateView" */;
			buildPhases = (
				8473FA4A1ED66A2100EC2D14 /* Sources */,
				8473FA4B1ED66A2100EC2D14 /* Frameworks */,
				8473FA4C1ED66A2100EC2D14 /* Resources */,
			);
			buildRules = (
			);
			dependencies = (
			);
			name = SAPrivateView;
			productName = SAPrivateView;
			productReference = 8473FA4E1ED66A2100EC2D14 /* SAPrivateView.app */;
			productType = "com.apple.product-type.application";
		};
/* End PBXNativeTarget section */

/* Begin PBXProject section */
		8473FA461ED66A2100EC2D14 /* Project object */ = {
			isa = PBXProject;
			attributes = {
				LastUpgradeCheck = 0820;
				ORGANIZATIONNAME = "李磊";
				TargetAttributes = {
					8473FA4D1ED66A2100EC2D14 = {
						CreatedOnToolsVersion = 8.2.1;
						DevelopmentTeam = XDK267KQ83;
						ProvisioningStyle = Manual;
					};
				};
			};
			buildConfigurationList = 8473FA491ED66A2100EC2D14 /* Build configuration list for PBXProject "SAPrivateView" */;
			compatibilityVersion = "Xcode 3.2";
			developmentRegion = English;
			hasScannedForEncodings = 0;
			knownRegions = (
				en,
				Base,
			);
			mainGroup = 8473FA451ED66A2100EC2D14;
			productRefGroup = 8473FA4F1ED66A2100EC2D14 /* Products */;
			projectDirPath = "";
			projectRoot = "";
			targets = (
				8473FA4D1ED66A2100EC2D14 /* SAPrivateView */,
			);
		};
/* End PBXProject section */

/* Begin PBXResourcesBuildPhase section */
		8473FA4C1ED66A2100EC2D14 /* Resources */ = {
			isa = PBXResourcesBuildPhase;
			buildActionMask = 2147483647;
			files = (
				8473FA611ED66A2100EC2D14 /* LaunchScreen.storyboard in Resources */,
				8473FA5E1ED66A2100EC2D14 /* Assets.xcassets in Resources */,
				8473FA5C1ED66A2100EC2D14 /* Main.storyboard in Resources */,
			);
			runOnlyForDeploymentPostprocessing = 0;
		};
/* End PBXResourcesBuildPhase section */

/* Begin PBXSourcesBuildPhase section */
		8473FA4A1ED66A2100EC2D14 /* Sources */ = {
			isa = PBXSourcesBuildPhase;
			buildActionMask = 2147483647;
			files = (
				8473FA591ED66A2100EC2D14 /* ViewController.m in Sources */,
				8473FA6D1ED66B6400EC2D14 /* NumberButton.m in Sources */,
				8473FA561ED66A2100EC2D14 /* AppDelegate.m in Sources */,
				8473FA6A1ED66AD400EC2D14 /* SAPlaceholderLabelTextView.m in Sources */,
				8473FA701ED66D6700EC2D14 /* SACollectionViewGridLayout.m in Sources */,
				84C07EBD202D4C7B00C92450 /* UITextField+NumberFormat.m in Sources */,
				84C07EC0202D4CE100C92450 /* LLTextFieldViewController.m in Sources */,
				8473FA531ED66A2100EC2D14 /* main.m in Sources */,
			);
			runOnlyForDeploymentPostprocessing = 0;
		};
/* End PBXSourcesBuildPhase section */

/* Begin PBXVariantGroup section */
		8473FA5A1ED66A2100EC2D14 /* Main.storyboard */ = {
			isa = PBXVariantGroup;
			children = (
				8473FA5B1ED66A2100EC2D14 /* Base */,
			);
			name = Main.storyboard;
			sourceTree = "<group>";
		};
		8473FA5F1ED66A2100EC2D14 /* LaunchScreen.storyboard */ = {
			isa = PBXVariantGroup;
			children = (
				8473FA601ED66A2100EC2D14 /* Base */,
			);
			name = LaunchScreen.storyboard;
			sourceTree = "<group>";
		};
/* End PBXVariantGroup section */

/* Begin XCBuildConfiguration section */
		8473FA631ED66A2100EC2D14 /* Debug */ = {
			isa = XCBuildConfiguration;
			buildSettings = {
				ALWAYS_SEARCH_USER_PATHS = NO;
				CLANG_ANALYZER_NONNULL = YES;
				CLANG_CXX_LANGUAGE_STANDARD = "gnu++0x";
				CLANG_CXX_LIBRARY = "libc++";
				CLANG_ENABLE_MODULES = YES;
				CLANG_ENABLE_OBJC_ARC = YES;
				CLANG_WARN_BOOL_CONVERSION = YES;
				CLANG_WARN_CONSTANT_CONVERSION = YES;
				CLANG_WARN_DIRECT_OBJC_ISA_USAGE = YES_ERROR;
				CLANG_WARN_DOCUMENTATION_COMMENTS = YES;
				CLANG_WARN_EMPTY_BODY = YES;
				CLANG_WARN_ENUM_CONVERSION = YES;
				CLANG_WARN_INFINITE_RECURSION = YES;
				CLANG_WARN_INT_CONVERSION = YES;
				CLANG_WARN_OBJC_ROOT_CLASS = YES_ERROR;
				CLANG_WARN_SUSPICIOUS_MOVE = YES;
				CLANG_WARN_UNREACHABLE_CODE = YES;
				CLANG_WARN__DUPLICATE_METHOD_MATCH = YES;
				"CODE_SIGN_IDENTITY[sdk=iphoneos*]" = "iPhone Developer";
				COPY_PHASE_STRIP = NO;
				DEBUG_INFORMATION_FORMAT = dwarf;
				ENABLE_STRICT_OBJC_MSGSEND = YES;
				ENABLE_TESTABILITY = YES;
				GCC_C_LANGUAGE_STANDARD = gnu99;
				GCC_DYNAMIC_NO_PIC = NO;
				GCC_NO_COMMON_BLOCKS = YES;
				GCC_OPTIMIZATION_LEVEL = 0;
				GCC_PREPROCESSOR_DEFINITIONS = (
					"DEBUG=1",
					"$(inherited)",
				);
				GCC_WARN_64_TO_32_BIT_CONVERSION = YES;
				GCC_WARN_ABOUT_RETURN_TYPE = YES_ERROR;
				GCC_WARN_UNDECLARED_SELECTOR = YES;
				GCC_WARN_UNINITIALIZED_AUTOS = YES_AGGRESSIVE;
				GCC_WARN_UNUSED_FUNCTION = YES;
				GCC_WARN_UNUSED_VARIABLE = YES;
				IPHONEOS_DEPLOYMENT_TARGET = 10.2;
				MTL_ENABLE_DEBUG_INFO = YES;
				ONLY_ACTIVE_ARCH = YES;
				SDKROOT = iphoneos;
				TARGETED_DEVICE_FAMILY = "1,2";
			};
			name = Debug;
		};
		8473FA641ED66A2100EC2D14 /* Release */ = {
			isa = XCBuildConfiguration;
			buildSettings = {
				ALWAYS_SEARCH_USER_PATHS = NO;
				CLANG_ANALYZER_NONNULL = YES;
				CLANG_CXX_LANGUAGE_STANDARD = "gnu++0x";
				CLANG_CXX_LIBRARY = "libc++";
				CLANG_ENABLE_MODULES = YES;
				CLANG_ENABLE_OBJC_ARC = YES;
				CLANG_WARN_BOOL_CONVERSION = YES;
				CLANG_WARN_CONSTANT_CONVERSION = YES;
				CLANG_WARN_DIRECT_OBJC_ISA_USAGE = YES_ERROR;
				CLANG_WARN_DOCUMENTATION_COMMENTS = YES;
				CLANG_WARN_EMPTY_BODY = YES;
				CLANG_WARN_ENUM_CONVERSION = YES;
				CLANG_WARN_INFINITE_RECURSION = YES;
				CLANG_WARN_INT_CONVERSION = YES;
				CLANG_WARN_OBJC_ROOT_CLASS = YES_ERROR;
				CLANG_WARN_SUSPICIOUS_MOVE = YES;
				CLANG_WARN_UNREACHABLE_CODE = YES;
				CLANG_WARN__DUPLICATE_METHOD_MATCH = YES;
				"CODE_SIGN_IDENTITY[sdk=iphoneos*]" = "iPhone Developer";
				COPY_PHASE_STRIP = NO;
				DEBUG_INFORMATION_FORMAT = "dwarf-with-dsym";
				ENABLE_NS_ASSERTIONS = NO;
				ENABLE_STRICT_OBJC_MSGSEND = YES;
				GCC_C_LANGUAGE_STANDARD = gnu99;
				GCC_NO_COMMON_BLOCKS = YES;
				GCC_WARN_64_TO_32_BIT_CONVERSION = YES;
				GCC_WARN_ABOUT_RETURN_TYPE = YES_ERROR;
				GCC_WARN_UNDECLARED_SELECTOR = YES;
				GCC_WARN_UNINITIALIZED_AUTOS = YES_AGGRESSIVE;
				GCC_WARN_UNUSED_FUNCTION = YES;
				GCC_WARN_UNUSED_VARIABLE = YES;
				IPHONEOS_DEPLOYMENT_TARGET = 10.2;
				MTL_ENABLE_DEBUG_INFO = NO;
				SDKROOT = iphoneos;
				TARGETED_DEVICE_FAMILY = "1,2";
				VALIDATE_PRODUCT = YES;
			};
			name = Release;
		};
		8473FA661ED66A2100EC2D14 /* Debug */ = {
			isa = XCBuildConfiguration;
			buildSettings = {
				ASSETCATALOG_COMPILER_APPICON_NAME = AppIcon;
				DEVELOPMENT_TEAM = XDK267KQ83;
				INFOPLIST_FILE = SAPrivateView/Info.plist;
				IPHONEOS_DEPLOYMENT_TARGET = 8.0;
				LD_RUNPATH_SEARCH_PATHS = "$(inherited) @executable_path/Frameworks";
				PRODUCT_BUNDLE_IDENTIFIER = LiLei.SAPrivateView;
				PRODUCT_NAME = "$(TARGET_NAME)";
				PROVISIONING_PROFILE = "7e67f3f7-3099-43e9-9307-e63a9ccb9e01";
				PROVISIONING_PROFILE_SPECIFIER = "XC Wildcard *";
			};
			name = Debug;
		};
		8473FA671ED66A2100EC2D14 /* Release */ = {
			isa = XCBuildConfiguration;
			buildSettings = {
				ASSETCATALOG_COMPILER_APPICON_NAME = AppIcon;
				DEVELOPMENT_TEAM = XDK267KQ83;
				INFOPLIST_FILE = SAPrivateView/Info.plist;
				IPHONEOS_DEPLOYMENT_TARGET = 8.0;
				LD_RUNPATH_SEARCH_PATHS = "$(inherited) @executable_path/Frameworks";
				PRODUCT_BUNDLE_IDENTIFIER = LiLei.SAPrivateView;
				PRODUCT_NAME = "$(TARGET_NAME)";
				PROVISIONING_PROFILE = "7e67f3f7-3099-43e9-9307-e63a9ccb9e01";
				PROVISIONING_PROFILE_SPECIFIER = "XC Wildcard *";
			};
			name = Release;
		};
/* End XCBuildConfiguration section */

/* Begin XCConfigurationList section */
		8473FA491ED66A2100EC2D14 /* Build configuration list for PBXProject "SAPrivateView" */ = {
			isa = XCConfigurationList;
			buildConfigurations = (
				8473FA631ED66A2100EC2D14 /* Debug */,
				8473FA641ED66A2100EC2D14 /* Release */,
			);
			defaultConfigurationIsVisible = 0;
			defaultConfigurationName = Release;
		};
		8473FA651ED66A2100EC2D14 /* Build configuration list for PBXNativeTarget "SAPrivateView" */ = {
			isa = XCConfigurationList;
			buildConfigurations = (
				8473FA661ED66A2100EC2D14 /* Debug */,
				8473FA671ED66A2100EC2D14 /* Release */,
			);
			defaultConfigurationIsVisible = 0;
			defaultConfigurationName = Release;
		};
/* End XCConfigurationList section */
	};
	rootObject = 8473FA461ED66A2100EC2D14 /* Project object */;
}
